
Microsoft Visual Studio Solution File, Format Version 12.00
# Visual Studio 15
VisualStudioVersion = 15.0.27130.2036
MinimumVisualStudioVersion = 10.0.40219.1
Project("{9A19103F-16F7-4668-BE54-9A1E7A4F7556}") = "personalBlog", "personalBlog.csproj", "{87566071-63C9-4B89-8EE0-5A897D269BB2}"
EndProject
Project("{2150E333-8FDC-42A3-9474-1A3956D46DE8}") = "Solution Items", "Solution Items", "{AD830F84-4DAB-4D98-BB41-E038F956AC8C}"
	ProjectSection(SolutionItems) = preProject
		.babelrc = .babelrc
		webpack.dev.config.js = webpack.dev.config.js
	EndProjectSection
EndProject
Global
	GlobalSection(SolutionConfigurationPlatforms) = preSolution
		Debug|Any CPU = Debug|Any CPU
		Release|Any CPU = Release|Any CPU
	EndGlobalSection
	GlobalSection(ProjectConfigurationPlatforms) = postSolution
		{87566071-63C9-4B89-8EE0-5A897D269BB2}.Debug|Any CPU.ActiveCfg = Debug|Any CPU
		{87566071-63C9-4B89-8EE0-5A897D269BB2}.Debug|Any CPU.Build.0 = Debug|Any CPU
		{87566071-63C9-4B89-8EE0-5A897D269BB2}.Release|Any CPU.ActiveCfg = Release|Any CPU
		{87566071-63C9-4B89-8EE0-5A897D269BB2}.Release|Any CPU.Build.0 = Release|Any CPU
	EndGlobalSection
	GlobalSection(SolutionProperties) = preSolution
		HideSolutionNode = FALSE
	EndGlobalSection
	GlobalSection(ExtensibilityGlobals) = postSolution
		SolutionGuid = {18B1A2F8-95C9-4420-B308-B13B4D59B989}
	EndGlobalSection
EndGlobal
